// !$*UTF8*$!
{
	archiveVersion = 1;
	classes = {
	};
	objectVersion = 55;
	objects = {

/* Begin PBXBuildFile section */
		30C8818E83FED0C2FE00E5D8 /* Pods_Final_Project.framework in Frameworks */ = {isa = PBXBuildFile; fileRef = 4FE5666B35A4F366526DBCBF /* Pods_Final_Project.framework */; };
		4818391727876487009E3FAF /* MapVC.swift in Sources */ = {isa = PBXBuildFile; fileRef = 4818391627876486009E3FAF /* MapVC.swift */; };
		481839192788CC0D009E3FAF /* UpdatePasswordVC.swift in Sources */ = {isa = PBXBuildFile; fileRef = 481839182788CC0D009E3FAF /* UpdatePasswordVC.swift */; };
		4818391B2789A977009E3FAF /* MapEventVC.swift in Sources */ = {isa = PBXBuildFile; fileRef = 4818391A2789A977009E3FAF /* MapEventVC.swift */; };
		4818393F278DD89C009E3FAF /* PrivacyPolicyVC.swift in Sources */ = {isa = PBXBuildFile; fileRef = 4818393E278DD89C009E3FAF /* PrivacyPolicyVC.swift */; };
		48183943278DEB21009E3FAF /* AboutUs.swift in Sources */ = {isa = PBXBuildFile; fileRef = 48183942278DEB21009E3FAF /* AboutUs.swift */; };
		48183945278F5B6B009E3FAF /* CustomView.swift in Sources */ = {isa = PBXBuildFile; fileRef = 48183944278F5B6B009E3FAF /* CustomView.swift */; };
		482376A82799E6E300220442 /* PrivacyPolicy.pdf in Resources */ = {isa = PBXBuildFile; fileRef = 482376A72799E6E300220442 /* PrivacyPolicy.pdf */; };
		48712AC1278480D70062B9CA /* SchoolRequestCell.swift in Sources */ = {isa = PBXBuildFile; fileRef = 48712AC0278480D70062B9CA /* SchoolRequestCell.swift */; };
		487520C1279769080050091E /* SchoolRequestsVC.swift in Sources */ = {isa = PBXBuildFile; fileRef = 487520C0279769070050091E /* SchoolRequestsVC.swift */; };
		487520C32797F6F80050091E /* Tajawal-Regular.ttf in Resources */ = {isa = PBXBuildFile; fileRef = 487520C22797F6F80050091E /* Tajawal-Regular.ttf */; };
		487520C52797F7090050091E /* Tajawal-Bold.ttf in Resources */ = {isa = PBXBuildFile; fileRef = 487520C42797F7090050091E /* Tajawal-Bold.ttf */; };
		487520C72797F71C0050091E /* Tajawal-Medium.ttf in Resources */ = {isa = PBXBuildFile; fileRef = 487520C62797F71B0050091E /* Tajawal-Medium.ttf */; };
		487520C9279802340050091E /* CustomFont.swift in Sources */ = {isa = PBXBuildFile; fileRef = 487520C8279802340050091E /* CustomFont.swift */; };
		48C865EF2784BDDC0068CE4B /* RequestModel.swift in Sources */ = {isa = PBXBuildFile; fileRef = 48C865EE2784BDDC0068CE4B /* RequestModel.swift */; };
		48C865F32785949E0068CE4B /* RequestDetailsVC.swift in Sources */ = {isa = PBXBuildFile; fileRef = 48C865F22785949E0068CE4B /* RequestDetailsVC.swift */; };
		48C865FB2786AD3E0068CE4B /* EventVisitCell.swift in Sources */ = {isa = PBXBuildFile; fileRef = 48C865FA2786AD3E0068CE4B /* EventVisitCell.swift */; };
		48D0F2B927804FDE00F11F60 /* AppDelegate.swift in Sources */ = {isa = PBXBuildFile; fileRef = 48D0F2B827804FDE00F11F60 /* AppDelegate.swift */; };
		48D0F2BB27804FDE00F11F60 /* SceneDelegate.swift in Sources */ = {isa = PBXBuildFile; fileRef = 48D0F2BA27804FDE00F11F60 /* SceneDelegate.swift */; };
		48D0F2BD27804FDE00F11F60 /* SignInVC.swift in Sources */ = {isa = PBXBuildFile; fileRef = 48D0F2BC27804FDE00F11F60 /* SignInVC.swift */; };
		48D0F2C027804FDE00F11F60 /* Main.storyboard in Resources */ = {isa = PBXBuildFile; fileRef = 48D0F2BE27804FDE00F11F60 /* Main.storyboard */; };
		48D0F2C227804FE500F11F60 /* Assets.xcassets in Resources */ = {isa = PBXBuildFile; fileRef = 48D0F2C127804FE500F11F60 /* Assets.xcassets */; };
		48D0F2C527804FE500F11F60 /* LaunchScreen.storyboard in Resources */ = {isa = PBXBuildFile; fileRef = 48D0F2C327804FE500F11F60 /* LaunchScreen.storyboard */; };
		48D0F2CD2780564B00F11F60 /* SchoolProfileVC.swift in Sources */ = {isa = PBXBuildFile; fileRef = 48D0F2CC2780564B00F11F60 /* SchoolProfileVC.swift */; };
		48D0F2CF2780740400F11F60 /* SignUpVC.swift in Sources */ = {isa = PBXBuildFile; fileRef = 48D0F2CE2780740400F11F60 /* SignUpVC.swift */; };
		48D0F2D127807B8800F11F60 /* EventsVC.swift in Sources */ = {isa = PBXBuildFile; fileRef = 48D0F2D027807B8800F11F60 /* EventsVC.swift */; };
		48D0F2D32780B84D00F11F60 /* GoogleService-Info.plist in Resources */ = {isa = PBXBuildFile; fileRef = 48D0F2D22780B84C00F11F60 /* GoogleService-Info.plist */; };
		48D0F2D52780B98100F11F60 /* AuthErrorCode.swift in Sources */ = {isa = PBXBuildFile; fileRef = 48D0F2D42780B98100F11F60 /* AuthErrorCode.swift */; };
		48D0F2D72780E88900F11F60 /* SettingVC.swift in Sources */ = {isa = PBXBuildFile; fileRef = 48D0F2D62780E88900F11F60 /* SettingVC.swift */; };
		48D0F2D92780E9CA00F11F60 /* SettingCell.swift in Sources */ = {isa = PBXBuildFile; fileRef = 48D0F2D82780E9CA00F11F60 /* SettingCell.swift */; };
		48D0F2DB278181AF00F11F60 /* SchoolModel.swift in Sources */ = {isa = PBXBuildFile; fileRef = 48D0F2DA278181AF00F11F60 /* SchoolModel.swift */; };
		48D0F2DD278183E500F11F60 /* EventModel.swift in Sources */ = {isa = PBXBuildFile; fileRef = 48D0F2DC278183E500F11F60 /* EventModel.swift */; };
		48D0F2E02781B65D00F11F60 /* RequestsVC.swift in Sources */ = {isa = PBXBuildFile; fileRef = 48D0F2DF2781B65D00F11F60 /* RequestsVC.swift */; };
		48D0F2E22781B67300F11F60 /* VisitsVC.swift in Sources */ = {isa = PBXBuildFile; fileRef = 48D0F2E12781B67300F11F60 /* VisitsVC.swift */; };
		48D0F2E42781B6CA00F11F60 /* EventProfileVC.swift in Sources */ = {isa = PBXBuildFile; fileRef = 48D0F2E32781B6CA00F11F60 /* EventProfileVC.swift */; };
		48D0F2E62782D19600F11F60 /* SchoolInfoVC.swift in Sources */ = {isa = PBXBuildFile; fileRef = 48D0F2E52782D19600F11F60 /* SchoolInfoVC.swift */; };
		48D0F2E8278310BC00F11F60 /* RequestCell.swift in Sources */ = {isa = PBXBuildFile; fileRef = 48D0F2E7278310BC00F11F60 /* RequestCell.swift */; };
		48D0F2EA27832AF300F11F60 /* EventsCell.swift in Sources */ = {isa = PBXBuildFile; fileRef = 48D0F2E927832AF300F11F60 /* EventsCell.swift */; };
		48D0F2EE2783878600F11F60 /* EventDetailsVC.swift in Sources */ = {isa = PBXBuildFile; fileRef = 48D0F2ED2783878600F11F60 /* EventDetailsVC.swift */; };
/* End PBXBuildFile section */

/* Begin PBXFileReference section */
		4818391627876486009E3FAF /* MapVC.swift */ = {isa = PBXFileReference; lastKnownFileType = sourcecode.swift; path = MapVC.swift; sourceTree = "<group>"; };
		481839182788CC0D009E3FAF /* UpdatePasswordVC.swift */ = {isa = PBXFileReference; lastKnownFileType = sourcecode.swift; path = UpdatePasswordVC.swift; sourceTree = "<group>"; };
		4818391A2789A977009E3FAF /* MapEventVC.swift */ = {isa = PBXFileReference; lastKnownFileType = sourcecode.swift; path = MapEventVC.swift; sourceTree = "<group>"; };
		4818393E278DD89C009E3FAF /* PrivacyPolicyVC.swift */ = {isa = PBXFileReference; lastKnownFileType = sourcecode.swift; path = PrivacyPolicyVC.swift; sourceTree = "<group>"; };
		48183942278DEB21009E3FAF /* AboutUs.swift */ = {isa = PBXFileReference; lastKnownFileType = sourcecode.swift; path = AboutUs.swift; sourceTree = "<group>"; };
		48183944278F5B6B009E3FAF /* CustomView.swift */ = {isa = PBXFileReference; lastKnownFileType = sourcecode.swift; path = CustomView.swift; sourceTree = "<group>"; };
		482376A72799E6E300220442 /* PrivacyPolicy.pdf */ = {isa = PBXFileReference; lastKnownFileType = image.pdf; path = PrivacyPolicy.pdf; sourceTree = "<group>"; };
		48712AC0278480D70062B9CA /* SchoolRequestCell.swift */ = {isa = PBXFileReference; lastKnownFileType = sourcecode.swift; path = SchoolRequestCell.swift; sourceTree = "<group>"; };
		487520C0279769070050091E /* SchoolRequestsVC.swift */ = {isa = PBXFileReference; lastKnownFileType = sourcecode.swift; path = SchoolRequestsVC.swift; sourceTree = "<group>"; };
		487520C22797F6F80050091E /* Tajawal-Regular.ttf */ = {isa = PBXFileReference; lastKnownFileType = file; path = "Tajawal-Regular.ttf"; sourceTree = "<group>"; };
		487520C42797F7090050091E /* Tajawal-Bold.ttf */ = {isa = PBXFileReference; lastKnownFileType = file; path = "Tajawal-Bold.ttf"; sourceTree = "<group>"; };
		487520C62797F71B0050091E /* Tajawal-Medium.ttf */ = {isa = PBXFileReference; lastKnownFileType = file; path = "Tajawal-Medium.ttf"; sourceTree = "<group>"; };
		487520C8279802340050091E /* CustomFont.swift */ = {isa = PBXFileReference; lastKnownFileType = sourcecode.swift; path = CustomFont.swift; sourceTree = "<group>"; };
		48C865EE2784BDDC0068CE4B /* RequestModel.swift */ = {isa = PBXFileReference; lastKnownFileType = sourcecode.swift; path = RequestModel.swift; sourceTree = "<group>"; };
		48C865F22785949E0068CE4B /* RequestDetailsVC.swift */ = {isa = PBXFileReference; lastKnownFileType = sourcecode.swift; path = RequestDetailsVC.swift; sourceTree = "<group>"; };
		48C865FA2786AD3E0068CE4B /* EventVisitCell.swift */ = {isa = PBXFileReference; lastKnownFileType = sourcecode.swift; path = EventVisitCell.swift; sourceTree = "<group>"; };
		48D0F2B527804FDE00F11F60 /* Final-Project.app */ = {isa = PBXFileReference; explicitFileType = wrapper.application; includeInIndex = 0; path = "Final-Project.app"; sourceTree = BUILT_PRODUCTS_DIR; };
		48D0F2B827804FDE00F11F60 /* AppDelegate.swift */ = {isa = PBXFileReference; lastKnownFileType = sourcecode.swift; path = AppDelegate.swift; sourceTree = "<group>"; };
		48D0F2BA27804FDE00F11F60 /* SceneDelegate.swift */ = {isa = PBXFileReference; lastKnownFileType = sourcecode.swift; path = SceneDelegate.swift; sourceTree = "<group>"; };
		48D0F2BC27804FDE00F11F60 /* SignInVC.swift */ = {isa = PBXFileReference; lastKnownFileType = sourcecode.swift; path = SignInVC.swift; sourceTree = "<group>"; };
		48D0F2BF27804FDE00F11F60 /* Base */ = {isa = PBXFileReference; lastKnownFileType = file.storyboard; name = Base; path = Base.lproj/Main.storyboard; sourceTree = "<group>"; };
		48D0F2C127804FE500F11F60 /* Assets.xcassets */ = {isa = PBXFileReference; lastKnownFileType = folder.assetcatalog; path = Assets.xcassets; sourceTree = "<group>"; };
		48D0F2C427804FE500F11F60 /* Base */ = {isa = PBXFileReference; lastKnownFileType = file.storyboard; name = Base; path = Base.lproj/LaunchScreen.storyboard; sourceTree = "<group>"; };
		48D0F2C627804FE500F11F60 /* Info.plist */ = {isa = PBXFileReference; lastKnownFileType = text.plist.xml; path = Info.plist; sourceTree = "<group>"; };
		48D0F2CC2780564B00F11F60 /* SchoolProfileVC.swift */ = {isa = PBXFileReference; lastKnownFileType = sourcecode.swift; path = SchoolProfileVC.swift; sourceTree = "<group>"; };
		48D0F2CE2780740400F11F60 /* SignUpVC.swift */ = {isa = PBXFileReference; lastKnownFileType = sourcecode.swift; path = SignUpVC.swift; sourceTree = "<group>"; };
		48D0F2D027807B8800F11F60 /* EventsVC.swift */ = {isa = PBXFileReference; lastKnownFileType = sourcecode.swift; path = EventsVC.swift; sourceTree = "<group>"; };
		48D0F2D22780B84C00F11F60 /* GoogleService-Info.plist */ = {isa = PBXFileReference; fileEncoding = 4; lastKnownFileType = text.plist.xml; path = "GoogleService-Info.plist"; sourceTree = "<group>"; };
		48D0F2D42780B98100F11F60 /* AuthErrorCode.swift */ = {isa = PBXFileReference; fileEncoding = 4; lastKnownFileType = sourcecode.swift; path = AuthErrorCode.swift; sourceTree = "<group>"; };
		48D0F2D62780E88900F11F60 /* SettingVC.swift */ = {isa = PBXFileReference; lastKnownFileType = sourcecode.swift; path = SettingVC.swift; sourceTree = "<group>"; };
		48D0F2D82780E9CA00F11F60 /* SettingCell.swift */ = {isa = PBXFileReference; lastKnownFileType = sourcecode.swift; path = SettingCell.swift; sourceTree = "<group>"; };
		48D0F2DA278181AF00F11F60 /* SchoolModel.swift */ = {isa = PBXFileReference; lastKnownFileType = sourcecode.swift; path = SchoolModel.swift; sourceTree = "<group>"; };
		48D0F2DC278183E500F11F60 /* EventModel.swift */ = {isa = PBXFileReference; lastKnownFileType = sourcecode.swift; path = EventModel.swift; sourceTree = "<group>"; };
		48D0F2DF2781B65D00F11F60 /* RequestsVC.swift */ = {isa = PBXFileReference; lastKnownFileType = sourcecode.swift; path = RequestsVC.swift; sourceTree = "<group>"; };
		48D0F2E12781B67300F11F60 /* VisitsVC.swift */ = {isa = PBXFileReference; lastKnownFileType = sourcecode.swift; path = VisitsVC.swift; sourceTree = "<group>"; };
		48D0F2E32781B6CA00F11F60 /* EventProfileVC.swift */ = {isa = PBXFileReference; lastKnownFileType = sourcecode.swift; path = EventProfileVC.swift; sourceTree = "<group>"; };
		48D0F2E52782D19600F11F60 /* SchoolInfoVC.swift */ = {isa = PBXFileReference; lastKnownFileType = sourcecode.swift; path = SchoolInfoVC.swift; sourceTree = "<group>"; };
		48D0F2E7278310BC00F11F60 /* RequestCell.swift */ = {isa = PBXFileReference; lastKnownFileType = sourcecode.swift; path = RequestCell.swift; sourceTree = "<group>"; };
		48D0F2E927832AF300F11F60 /* EventsCell.swift */ = {isa = PBXFileReference; lastKnownFileType = sourcecode.swift; path = EventsCell.swift; sourceTree = "<group>"; };
		48D0F2ED2783878600F11F60 /* EventDetailsVC.swift */ = {isa = PBXFileReference; lastKnownFileType = sourcecode.swift; path = EventDetailsVC.swift; sourceTree = "<group>"; };
		4FE5666B35A4F366526DBCBF /* Pods_Final_Project.framework */ = {isa = PBXFileReference; explicitFileType = wrapper.framework; includeInIndex = 0; path = Pods_Final_Project.framework; sourceTree = BUILT_PRODUCTS_DIR; };
		BA4BC80E9B281A512DFEFA5F /* Pods-Final-Project.debug.xcconfig */ = {isa = PBXFileReference; includeInIndex = 1; lastKnownFileType = text.xcconfig; name = "Pods-Final-Project.debug.xcconfig"; path = "Target Support Files/Pods-Final-Project/Pods-Final-Project.debug.xcconfig"; sourceTree = "<group>"; };
		BC521449D32BC64EA769C1FE /* Pods-Final-Project.release.xcconfig */ = {isa = PBXFileReference; includeInIndex = 1; lastKnownFileType = text.xcconfig; name = "Pods-Final-Project.release.xcconfig"; path = "Target Support Files/Pods-Final-Project/Pods-Final-Project.release.xcconfig"; sourceTree = "<group>"; };
/* End PBXFileReference section */

/* Begin PBXFrameworksBuildPhase section */
		48D0F2B227804FDE00F11F60 /* Frameworks */ = {
			isa = PBXFrameworksBuildPhase;
			buildActionMask = 2147483647;
			files = (
				30C8818E83FED0C2FE00E5D8 /* Pods_Final_Project.framework in Frameworks */,
			);
			runOnlyForDeploymentPostprocessing = 0;
		};
/* End PBXFrameworksBuildPhase section */

/* Begin PBXGroup section */
		41E57BC90886D2ADFC18F2EA /* Pods */ = {
			isa = PBXGroup;
			children = (
				BA4BC80E9B281A512DFEFA5F /* Pods-Final-Project.debug.xcconfig */,
				BC521449D32BC64EA769C1FE /* Pods-Final-Project.release.xcconfig */,
			);
			path = Pods;
			sourceTree = "<group>";
		};
		48D0F2AC27804FDE00F11F60 = {
			isa = PBXGroup;
			children = (
				48D0F2B727804FDE00F11F60 /* Final-Project */,
				48D0F2B627804FDE00F11F60 /* Products */,
				41E57BC90886D2ADFC18F2EA /* Pods */,
				5C58E3135F2114206D5B8E75 /* Frameworks */,
			);
			sourceTree = "<group>";
		};
		48D0F2B627804FDE00F11F60 /* Products */ = {
			isa = PBXGroup;
			children = (
				48D0F2B527804FDE00F11F60 /* Final-Project.app */,
			);
			name = Products;
			sourceTree = "<group>";
		};
		48D0F2B727804FDE00F11F60 /* Final-Project */ = {
			isa = PBXGroup;
			children = (
				48D0F2B827804FDE00F11F60 /* AppDelegate.swift */,
				48D0F2BA27804FDE00F11F60 /* SceneDelegate.swift */,
				48D0F2BC27804FDE00F11F60 /* SignInVC.swift */,
				48D0F2CE2780740400F11F60 /* SignUpVC.swift */,
				48D0F2D62780E88900F11F60 /* SettingVC.swift */,
				487520C8279802340050091E /* CustomFont.swift */,
				48D0F2D82780E9CA00F11F60 /* SettingCell.swift */,
				48D0F2BE27804FDE00F11F60 /* Main.storyboard */,
				48183942278DEB21009E3FAF /* AboutUs.swift */,
				4818393E278DD89C009E3FAF /* PrivacyPolicyVC.swift */,
				481839182788CC0D009E3FAF /* UpdatePasswordVC.swift */,
				48183944278F5B6B009E3FAF /* CustomView.swift */,
				48D0F2EB2783853500F11F60 /* EventVCs */,
				48D0F2EC2783857500F11F60 /* SchoolVCs */,
				48D0F2DE278186B700F11F60 /* Model */,
				48D0F2D42780B98100F11F60 /* AuthErrorCode.swift */,
				48D0F2C127804FE500F11F60 /* Assets.xcassets */,
				482376A72799E6E300220442 /* PrivacyPolicy.pdf */,
				487520C22797F6F80050091E /* Tajawal-Regular.ttf */,
				487520C42797F7090050091E /* Tajawal-Bold.ttf */,
				487520C62797F71B0050091E /* Tajawal-Medium.ttf */,
				48D0F2C327804FE500F11F60 /* LaunchScreen.storyboard */,
				48D0F2C627804FE500F11F60 /* Info.plist */,
				48D0F2D22780B84C00F11F60 /* GoogleService-Info.plist */,
			);
			path = "Final-Project";
			sourceTree = "<group>";
		};
		48D0F2DE278186B700F11F60 /* Model */ = {
			isa = PBXGroup;
			children = (
				48C865EE2784BDDC0068CE4B /* RequestModel.swift */,
				48D0F2DA278181AF00F11F60 /* SchoolModel.swift */,
				48D0F2DC278183E500F11F60 /* EventModel.swift */,
			);
			path = Model;
			sourceTree = "<group>";
		};
		48D0F2EB2783853500F11F60 /* EventVCs */ = {
			isa = PBXGroup;
			children = (
				48D0F2E12781B67300F11F60 /* VisitsVC.swift */,
				48D0F2E32781B6CA00F11F60 /* EventProfileVC.swift */,
				48D0F2DF2781B65D00F11F60 /* RequestsVC.swift */,
				48C865FA2786AD3E0068CE4B /* EventVisitCell.swift */,
				48712AC0278480D70062B9CA /* SchoolRequestCell.swift */,
				48C865F22785949E0068CE4B /* RequestDetailsVC.swift */,
				4818391A2789A977009E3FAF /* MapEventVC.swift */,
			);
			path = EventVCs;
			sourceTree = "<group>";
		};
		48D0F2EC2783857500F11F60 /* SchoolVCs */ = {
			isa = PBXGroup;
			children = (
				48D0F2D027807B8800F11F60 /* EventsVC.swift */,
				48D0F2E927832AF300F11F60 /* EventsCell.swift */,
				48D0F2ED2783878600F11F60 /* EventDetailsVC.swift */,
				48D0F2CC2780564B00F11F60 /* SchoolProfileVC.swift */,
				48D0F2E7278310BC00F11F60 /* RequestCell.swift */,
				487520C0279769070050091E /* SchoolRequestsVC.swift */,
				48D0F2E52782D19600F11F60 /* SchoolInfoVC.swift */,
				4818391627876486009E3FAF /* MapVC.swift */,
			);
			path = SchoolVCs;
			sourceTree = "<group>";
		};
		5C58E3135F2114206D5B8E75 /* Frameworks */ = {
			isa = PBXGroup;
			children = (
				4FE5666B35A4F366526DBCBF /* Pods_Final_Project.framework */,
			);
			name = Frameworks;
			sourceTree = "<group>";
		};
/* End PBXGroup section */

/* Begin PBXNativeTarget section */
		48D0F2B427804FDE00F11F60 /* Final-Project */ = {
			isa = PBXNativeTarget;
			buildConfigurationList = 48D0F2C927804FE500F11F60 /* Build configuration list for PBXNativeTarget "Final-Project" */;
			buildPhases = (
				09F5DC40FCA1ADE422BF892B /* [CP] Check Pods Manifest.lock */,
				48D0F2B127804FDE00F11F60 /* Sources */,
				48D0F2B227804FDE00F11F60 /* Frameworks */,
				48D0F2B327804FDE00F11F60 /* Resources */,
				A8CB3DEEA4C8B42E9E1BB5D8 /* [CP] Embed Pods Frameworks */,
				092DC95D39A9B5EDA7F512CD /* [CP] Copy Pods Resources */,
			);
			buildRules = (
			);
			dependencies = (
			);
			name = "Final-Project";
			productName = "Final-Project";
			productReference = 48D0F2B527804FDE00F11F60 /* Final-Project.app */;
			productType = "com.apple.product-type.application";
		};
/* End PBXNativeTarget section */

/* Begin PBXProject section */
		48D0F2AD27804FDE00F11F60 /* Project object */ = {
			isa = PBXProject;
			attributes = {
				BuildIndependentTargetsInParallel = 1;
				LastSwiftUpdateCheck = 1300;
				LastUpgradeCheck = 1300;
				TargetAttributes = {
					48D0F2B427804FDE00F11F60 = {
						CreatedOnToolsVersion = 13.0;
					};
				};
			};
			buildConfigurationList = 48D0F2B027804FDE00F11F60 /* Build configuration list for PBXProject "Final-Project" */;
			compatibilityVersion = "Xcode 13.0";
			developmentRegion = en;
			hasScannedForEncodings = 0;
			knownRegions = (
				en,
				Base,
			);
			mainGroup = 48D0F2AC27804FDE00F11F60;
			productRefGroup = 48D0F2B627804FDE00F11F60 /* Products */;
			projectDirPath = "";
			projectRoot = "";
			targets = (
				48D0F2B427804FDE00F11F60 /* Final-Project */,
			);
		};
/* End PBXProject section */

/* Begin PBXResourcesBuildPhase section */
		48D0F2B327804FDE00F11F60 /* Resources */ = {
			isa = PBXResourcesBuildPhase;
			buildActionMask = 2147483647;
			files = (
				487520C72797F71C0050091E /* Tajawal-Medium.ttf in Resources */,
				487520C32797F6F80050091E /* Tajawal-Regular.ttf in Resources */,
				48D0F2C527804FE500F11F60 /* LaunchScreen.storyboard in Resources */,
				48D0F2D32780B84D00F11F60 /* GoogleService-Info.plist in Resources */,
				487520C52797F7090050091E /* Tajawal-Bold.ttf in Resources */,
				48D0F2C227804FE500F11F60 /* Assets.xcassets in Resources */,
				48D0F2C027804FDE00F11F60 /* Main.storyboard in Resources */,
				482376A82799E6E300220442 /* PrivacyPolicy.pdf in Resources */,
			);
			runOnlyForDeploymentPostprocessing = 0;
		};
/* End PBXResourcesBuildPhase section */

/* Begin PBXShellScriptBuildPhase section */
		092DC95D39A9B5EDA7F512CD /* [CP] Copy Pods Resources */ = {
			isa = PBXShellScriptBuildPhase;
			buildActionMask = 2147483647;
			files = (
			);
			inputFileListPaths = (
				"${PODS_ROOT}/Target Support Files/Pods-Final-Project/Pods-Final-Project-resources-${CONFIGURATION}-input-files.xcfilelist",
			);
			name = "[CP] Copy Pods Resources";
			outputFileListPaths = (
				"${PODS_ROOT}/Target Support Files/Pods-Final-Project/Pods-Final-Project-resources-${CONFIGURATION}-output-files.xcfilelist",
			);
			runOnlyForDeploymentPostprocessing = 0;
			shellPath = /bin/sh;
			shellScript = "\"${PODS_ROOT}/Target Support Files/Pods-Final-Project/Pods-Final-Project-resources.sh\"\n";
			showEnvVarsInLog = 0;
		};
		09F5DC40FCA1ADE422BF892B /* [CP] Check Pods Manifest.lock */ = {
			isa = PBXShellScriptBuildPhase;
			buildActionMask = 2147483647;
			files = (
			);
			inputFileListPaths = (
			);
			inputPaths = (
				"${PODS_PODFILE_DIR_PATH}/Podfile.lock",
				"${PODS_ROOT}/Manifest.lock",
			);
			name = "[CP] Check Pods Manifest.lock";
			outputFileListPaths = (
			);
			outputPaths = (
				"$(DERIVED_FILE_DIR)/Pods-Final-Project-checkManifestLockResult.txt",
			);
			runOnlyForDeploymentPostprocessing = 0;
			shellPath = /bin/sh;
			shellScript = "diff \"${PODS_PODFILE_DIR_PATH}/Podfile.lock\" \"${PODS_ROOT}/Manifest.lock\" > /dev/null\nif [ $? != 0 ] ; then\n    # print error to STDERR\n    echo \"error: The sandbox is not in sync with the Podfile.lock. Run 'pod install' or update your CocoaPods installation.\" >&2\n    exit 1\nfi\n# This output is used by Xcode 'outputs' to avoid re-running this script phase.\necho \"SUCCESS\" > \"${SCRIPT_OUTPUT_FILE_0}\"\n";
			showEnvVarsInLog = 0;
		};
		A8CB3DEEA4C8B42E9E1BB5D8 /* [CP] Embed Pods Frameworks */ = {
			isa = PBXShellScriptBuildPhase;
			buildActionMask = 2147483647;
			files = (
			);
			inputFileListPaths = (
				"${PODS_ROOT}/Target Support Files/Pods-Final-Project/Pods-Final-Project-frameworks-${CONFIGURATION}-input-files.xcfilelist",
			);
			name = "[CP] Embed Pods Frameworks";
			outputFileListPaths = (
				"${PODS_ROOT}/Target Support Files/Pods-Final-Project/Pods-Final-Project-frameworks-${CONFIGURATION}-output-files.xcfilelist",
			);
			runOnlyForDeploymentPostprocessing = 0;
			shellPath = /bin/sh;
			shellScript = "\"${PODS_ROOT}/Target Support Files/Pods-Final-Project/Pods-Final-Project-frameworks.sh\"\n";
			showEnvVarsInLog = 0;
		};
/* End PBXShellScriptBuildPhase section */

/* Begin PBXSourcesBuildPhase section */
		48D0F2B127804FDE00F11F60 /* Sources */ = {
			isa = PBXSourcesBuildPhase;
			buildActionMask = 2147483647;
			files = (
				48D0F2EA27832AF300F11F60 /* EventsCell.swift in Sources */,
				48D0F2BD27804FDE00F11F60 /* SignInVC.swift in Sources */,
				48D0F2D72780E88900F11F60 /* SettingVC.swift in Sources */,
				48D0F2D52780B98100F11F60 /* AuthErrorCode.swift in Sources */,
				48C865FB2786AD3E0068CE4B /* EventVisitCell.swift in Sources */,
				4818391B2789A977009E3FAF /* MapEventVC.swift in Sources */,
				487520C1279769080050091E /* SchoolRequestsVC.swift in Sources */,
				48C865F32785949E0068CE4B /* RequestDetailsVC.swift in Sources */,
				48D0F2DB278181AF00F11F60 /* SchoolModel.swift in Sources */,
				48D0F2B927804FDE00F11F60 /* AppDelegate.swift in Sources */,
				4818393F278DD89C009E3FAF /* PrivacyPolicyVC.swift in Sources */,
				48D0F2E8278310BC00F11F60 /* RequestCell.swift in Sources */,
				48D0F2CD2780564B00F11F60 /* SchoolProfileVC.swift in Sources */,
				48183943278DEB21009E3FAF /* AboutUs.swift in Sources */,
				48D0F2CF2780740400F11F60 /* SignUpVC.swift in Sources */,
				487520C9279802340050091E /* CustomFont.swift in Sources */,
				48D0F2DD278183E500F11F60 /* EventModel.swift in Sources */,
				48C865EF2784BDDC0068CE4B /* RequestModel.swift in Sources */,
				4818391727876487009E3FAF /* MapVC.swift in Sources */,
				48183945278F5B6B009E3FAF /* CustomView.swift in Sources */,
				481839192788CC0D009E3FAF /* UpdatePasswordVC.swift in Sources */,
				48712AC1278480D70062B9CA /* SchoolRequestCell.swift in Sources */,
				48D0F2EE2783878600F11F60 /* EventDetailsVC.swift in Sources */,
				48D0F2E22781B67300F11F60 /* VisitsVC.swift in Sources */,
				48D0F2E42781B6CA00F11F60 /* EventProfileVC.swift in Sources */,
				48D0F2E62782D19600F11F60 /* SchoolInfoVC.swift in Sources */,
				48D0F2E02781B65D00F11F60 /* RequestsVC.swift in Sources */,
				48D0F2BB27804FDE00F11F60 /* SceneDelegate.swift in Sources */,
				48D0F2D127807B8800F11F60 /* EventsVC.swift in Sources */,
				48D0F2D92780E9CA00F11F60 /* SettingCell.swift in Sources */,
			);
			runOnlyForDeploymentPostprocessing = 0;
		};
/* End PBXSourcesBuildPhase section */

/* Begin PBXVariantGroup section */
		48D0F2BE27804FDE00F11F60 /* Main.storyboard */ = {
			isa = PBXVariantGroup;
			children = (
				48D0F2BF27804FDE00F11F60 /* Base */,
			);
			name = Main.storyboard;
			sourceTree = "<group>";
		};
		48D0F2C327804FE500F11F60 /* LaunchScreen.storyboard */ = {
			isa = PBXVariantGroup;
			children = (
				48D0F2C427804FE500F11F60 /* Base */,
			);
			name = LaunchScreen.storyboard;
			sourceTree = "<group>";
		};
/* End PBXVariantGroup section */

/* Begin XCBuildConfiguration section */
		48D0F2C727804FE500F11F60 /* Debug */ = {
			isa = XCBuildConfiguration;
			buildSettings = {
				ALWAYS_SEARCH_USER_PATHS = NO;
				CLANG_ANALYZER_NONNULL = YES;
				CLANG_ANALYZER_NUMBER_OBJECT_CONVERSION = YES_AGGRESSIVE;
				CLANG_CXX_LANGUAGE_STANDARD = "gnu++17";
				CLANG_CXX_LIBRARY = "libc++";
				CLANG_ENABLE_MODULES = YES;
				CLANG_ENABLE_OBJC_ARC = YES;
				CLANG_ENABLE_OBJC_WEAK = YES;
				CLANG_WARN_BLOCK_CAPTURE_AUTORELEASING = YES;
				CLANG_WARN_BOOL_CONVERSION = YES;
				CLANG_WARN_COMMA = YES;
				CLANG_WARN_CONSTANT_CONVERSION = YES;
				CLANG_WARN_DEPRECATED_OBJC_IMPLEMENTATIONS = YES;
				CLANG_WARN_DIRECT_OBJC_ISA_USAGE = YES_ERROR;
				CLANG_WARN_DOCUMENTATION_COMMENTS = YES;
				CLANG_WARN_EMPTY_BODY = YES;
				CLANG_WARN_ENUM_CONVERSION = YES;
				CLANG_WARN_INFINITE_RECURSION = YES;
				CLANG_WARN_INT_CONVERSION = YES;
				CLANG_WARN_NON_LITERAL_NULL_CONVERSION = YES;
				CLANG_WARN_OBJC_IMPLICIT_RETAIN_SELF = YES;
				CLANG_WARN_OBJC_LITERAL_CONVERSION = YES;
				CLANG_WARN_OBJC_ROOT_CLASS = YES_ERROR;
				CLANG_WARN_QUOTED_INCLUDE_IN_FRAMEWORK_HEADER = YES;
				CLANG_WARN_RANGE_LOOP_ANALYSIS = YES;
				CLANG_WARN_STRICT_PROTOTYPES = YES;
				CLANG_WARN_SUSPICIOUS_MOVE = YES;
				CLANG_WARN_UNGUARDED_AVAILABILITY = YES_AGGRESSIVE;
				CLANG_WARN_UNREACHABLE_CODE = YES;
				CLANG_WARN__DUPLICATE_METHOD_MATCH = YES;
				COPY_PHASE_STRIP = NO;
				DEBUG_INFORMATION_FORMAT = dwarf;
				ENABLE_STRICT_OBJC_MSGSEND = YES;
				ENABLE_TESTABILITY = YES;
				GCC_C_LANGUAGE_STANDARD = gnu11;
				GCC_DYNAMIC_NO_PIC = NO;
				GCC_NO_COMMON_BLOCKS = YES;
				GCC_OPTIMIZATION_LEVEL = 0;
				GCC_PREPROCESSOR_DEFINITIONS = (
					"DEBUG=1",
					"$(inherited)",
				);
				GCC_WARN_64_TO_32_BIT_CONVERSION = YES;
				GCC_WARN_ABOUT_RETURN_TYPE = YES_ERROR;
				GCC_WARN_UNDECLARED_SELECTOR = YES;
				GCC_WARN_UNINITIALIZED_AUTOS = YES_AGGRESSIVE;
				GCC_WARN_UNUSED_FUNCTION = YES;
				GCC_WARN_UNUSED_VARIABLE = YES;
				IPHONEOS_DEPLOYMENT_TARGET = 15.0;
				MTL_ENABLE_DEBUG_INFO = INCLUDE_SOURCE;
				MTL_FAST_MATH = YES;
				ONLY_ACTIVE_ARCH = YES;
				SDKROOT = iphoneos;
				SWIFT_ACTIVE_COMPILATION_CONDITIONS = DEBUG;
				SWIFT_OPTIMIZATION_LEVEL = "-Onone";
			};
			name = Debug;
		};
		48D0F2C827804FE500F11F60 /* Release */ = {
			isa = XCBuildConfiguration;
			buildSettings = {
				ALWAYS_SEARCH_USER_PATHS = NO;
				CLANG_ANALYZER_NONNULL = YES;
				CLANG_ANALYZER_NUMBER_OBJECT_CONVERSION = YES_AGGRESSIVE;
				CLANG_CXX_LANGUAGE_STANDARD = "gnu++17";
				CLANG_CXX_LIBRARY = "libc++";
				CLANG_ENABLE_MODULES = YES;
				CLANG_ENABLE_OBJC_ARC = YES;
				CLANG_ENABLE_OBJC_WEAK = YES;
				CLANG_WARN_BLOCK_CAPTURE_AUTORELEASING = YES;
				CLANG_WARN_BOOL_CONVERSION = YES;
				CLANG_WARN_COMMA = YES;
				CLANG_WARN_CONSTANT_CONVERSION = YES;
				CLANG_WARN_DEPRECATED_OBJC_IMPLEMENTATIONS = YES;
				CLANG_WARN_DIRECT_OBJC_ISA_USAGE = YES_ERROR;
				CLANG_WARN_DOCUMENTATION_COMMENTS = YES;
				CLANG_WARN_EMPTY_BODY = YES;
				CLANG_WARN_ENUM_CONVERSION = YES;
				CLANG_WARN_INFINITE_RECURSION = YES;
				CLANG_WARN_INT_CONVERSION = YES;
				CLANG_WARN_NON_LITERAL_NULL_CONVERSION = YES;
				CLANG_WARN_OBJC_IMPLICIT_RETAIN_SELF = YES;
				CLANG_WARN_OBJC_LITERAL_CONVERSION = YES;
				CLANG_WARN_OBJC_ROOT_CLASS = YES_ERROR;
				CLANG_WARN_QUOTED_INCLUDE_IN_FRAMEWORK_HEADER = YES;
				CLANG_WARN_RANGE_LOOP_ANALYSIS = YES;
				CLANG_WARN_STRICT_PROTOTYPES = YES;
				CLANG_WARN_SUSPICIOUS_MOVE = YES;
				CLANG_WARN_UNGUARDED_AVAILABILITY = YES_AGGRESSIVE;
				CLANG_WARN_UNREACHABLE_CODE = YES;
				CLANG_WARN__DUPLICATE_METHOD_MATCH = YES;
				COPY_PHASE_STRIP = NO;
				DEBUG_INFORMATION_FORMAT = "dwarf-with-dsym";
				ENABLE_NS_ASSERTIONS = NO;
				ENABLE_STRICT_OBJC_MSGSEND = YES;
				GCC_C_LANGUAGE_STANDARD = gnu11;
				GCC_NO_COMMON_BLOCKS = YES;
				GCC_WARN_64_TO_32_BIT_CONVERSION = YES;
				GCC_WARN_ABOUT_RETURN_TYPE = YES_ERROR;
				GCC_WARN_UNDECLARED_SELECTOR = YES;
				GCC_WARN_UNINITIALIZED_AUTOS = YES_AGGRESSIVE;
				GCC_WARN_UNUSED_FUNCTION = YES;
				GCC_WARN_UNUSED_VARIABLE = YES;
				IPHONEOS_DEPLOYMENT_TARGET = 15.0;
				MTL_ENABLE_DEBUG_INFO = NO;
				MTL_FAST_MATH = YES;
				SDKROOT = iphoneos;
				SWIFT_COMPILATION_MODE = wholemodule;
				SWIFT_OPTIMIZATION_LEVEL = "-O";
				VALIDATE_PRODUCT = YES;
			};
			name = Release;
		};
		48D0F2CA27804FE500F11F60 /* Debug */ = {
			isa = XCBuildConfiguration;
			baseConfigurationReference = BA4BC80E9B281A512DFEFA5F /* Pods-Final-Project.debug.xcconfig */;
			buildSettings = {
				ASSETCATALOG_COMPILER_APPICON_NAME = AppIcon;
				ASSETCATALOG_COMPILER_GLOBAL_ACCENT_COLOR_NAME = AccentColor;
				CODE_SIGN_STYLE = Automatic;
				CURRENT_PROJECT_VERSION = 1;
				DEVELOPMENT_TEAM = Z2QT229STK;
				GENERATE_INFOPLIST_FILE = YES;
				INFOPLIST_FILE = "Final-Project/Info.plist";
				INFOPLIST_KEY_CFBundleDisplayName = Ethra;
				INFOPLIST_KEY_NSLocationWhenInUseUsageDescription = "استخدام الموقع لتحديد موقع المدرسة";
				INFOPLIST_KEY_NSPhotoLibraryUsageDescription = "السماح بالوصول الى الصور لإختيار صورة";
				INFOPLIST_KEY_UIApplicationSupportsIndirectInputEvents = YES;
				INFOPLIST_KEY_UILaunchStoryboardName = LaunchScreen;
				INFOPLIST_KEY_UIMainStoryboardFile = Main;
				INFOPLIST_KEY_UISupportedInterfaceOrientations = UIInterfaceOrientationPortrait;
				INFOPLIST_KEY_UISupportedInterfaceOrientations_iPad = "UIInterfaceOrientationPortrait UIInterfaceOrientationPortraitUpsideDown UIInterfaceOrientationLandscapeLeft UIInterfaceOrientationLandscapeRight";
				INFOPLIST_KEY_UISupportedInterfaceOrientations_iPhone = "UIInterfaceOrientationPortrait UIInterfaceOrientationLandscapeLeft UIInterfaceOrientationLandscapeRight";
				LD_RUNPATH_SEARCH_PATHS = (
					"$(inherited)",
					"@executable_path/Frameworks",
				);
				MARKETING_VERSION = 1.0;
				PRODUCT_BUNDLE_IDENTIFIER = "com.EbtesamAlahmari.Final-Project";
				PRODUCT_NAME = "$(TARGET_NAME)";
				SWIFT_EMIT_LOC_STRINGS = YES;
				SWIFT_VERSION = 5.0;
				TARGETED_DEVICE_FAMILY = "1,2";
			};
			name = Debug;
		};
		48D0F2CB27804FE500F11F60 /* Release */ = {
			isa = XCBuildConfiguration;
			baseConfigurationReference = BC521449D32BC64EA769C1FE /* Pods-Final-Project.release.xcconfig */;
			buildSettings = {
				ASSETCATALOG_COMPILER_APPICON_NAME = AppIcon;
				ASSETCATALOG_COMPILER_GLOBAL_ACCENT_COLOR_NAME = AccentColor;
				CODE_SIGN_STYLE = Automatic;
				CURRENT_PROJECT_VERSION = 1;
				DEVELOPMENT_TEAM = Z2QT229STK;
				GENERATE_INFOPLIST_FILE = YES;
				INFOPLIST_FILE = "Final-Project/Info.plist";
				INFOPLIST_KEY_CFBundleDisplayName = Ethra;
				INFOPLIST_KEY_NSLocationWhenInUseUsageDescription = "استخدام الموقع لتحديد موقع المدرسة";
				INFOPLIST_KEY_NSPhotoLibraryUsageDescription = "السماح بالوصول الى الصور لإختيار صورة";
				INFOPLIST_KEY_UIApplicationSupportsIndirectInputEvents = YES;
				INFOPLIST_KEY_UILaunchStoryboardName = LaunchScreen;
				INFOPLIST_KEY_UIMainStoryboardFile = Main;
				INFOPLIST_KEY_UISupportedInterfaceOrientations = UIInterfaceOrientationPortrait;
				INFOPLIST_KEY_UISupportedInterfaceOrientations_iPad = "UIInterfaceOrientationPortrait UIInterfaceOrientationPortraitUpsideDown UIInterfaceOrientationLandscapeLeft UIInterfaceOrientationLandscapeRight";
				INFOPLIST_KEY_UISupportedInterfaceOrientations_iPhone = "UIInterfaceOrientationPortrait UIInterfaceOrientationLandscapeLeft UIInterfaceOrientationLandscapeRight";
				LD_RUNPATH_SEARCH_PATHS = (
					"$(inherited)",
					"@executable_path/Frameworks",
				);
				MARKETING_VERSION = 1.0;
				PRODUCT_BUNDLE_IDENTIFIER = "com.EbtesamAlahmari.Final-Project";
				PRODUCT_NAME = "$(TARGET_NAME)";
				SWIFT_EMIT_LOC_STRINGS = YES;
				SWIFT_VERSION = 5.0;
				TARGETED_DEVICE_FAMILY = "1,2";
			};
			name = Release;
		};
/* End XCBuildConfiguration section */

/* Begin XCConfigurationList section */
		48D0F2B027804FDE00F11F60 /* Build configuration list for PBXProject "Final-Project" */ = {
			isa = XCConfigurationList;
			buildConfigurations = (
				48D0F2C727804FE500F11F60 /* Debug */,
				48D0F2C827804FE500F11F60 /* Release */,
			);
			defaultConfigurationIsVisible = 0;
			defaultConfigurationName = Release;
		};
		48D0F2C927804FE500F11F60 /* Build configuration list for PBXNativeTarget "Final-Project" */ = {
			isa = XCConfigurationList;
			buildConfigurations = (
				48D0F2CA27804FE500F11F60 /* Debug */,
				48D0F2CB27804FE500F11F60 /* Release */,
			);
			defaultConfigurationIsVisible = 0;
			defaultConfigurationName = Release;
		};
/* End XCConfigurationList section */
	};
	rootObject = 48D0F2AD27804FDE00F11F60 /* Project object */;
}
